
Microsoft Visual Studio Solution File, Format Version 12.00
# Visual Studio Version 17
VisualStudioVersion = 17.10.35013.160
MinimumVisualStudioVersion = 10.0.40219.1
Project("{9A19103F-16F7-4668-BE54-9A1E7A4F7556}") = "ConsoleGame", "ConsoleGame.csproj", "{A3F2A430-5168-41B7-873A-3D530753DAFC}"
EndProject
Global
	GlobalSection(SolutionConfigurationPlatforms) = preSolution
		Debug|Any CPU = Debug|Any CPU
		Release|Any CPU = Release|Any CPU
	EndGlobalSection
	GlobalSection(ProjectConfigurationPlatforms) = postSolution
		{A3F2A430-5168-41B7-873A-3D530753DAFC}.Debug|Any CPU.ActiveCfg = Debug|Any CPU
		{A3F2A430-5168-41B7-873A-3D530753DAFC}.Debug|Any CPU.Build.0 = Debug|Any CPU
		{A3F2A430-5168-41B7-873A-3D530753DAFC}.Release|Any CPU.ActiveCfg = Release|Any CPU
		{A3F2A430-5168-41B7-873A-3D530753DAFC}.Release|Any CPU.Build.0 = Release|Any CPU
	EndGlobalSection
	GlobalSection(SolutionProperties) = preSolution
		HideSolutionNode = FALSE
	EndGlobalSection
	GlobalSection(ExtensibilityGlobals) = postSolution
		SolutionGuid = {CF26FB6D-40B0-4051-9DFC-8E5E7761E05F}
	EndGlobalSection
EndGlobal
